// !$*UTF8*$!
{
	archiveVersion = 1;
	classes = {
	};
	objectVersion = 46;
	objects = {

/* Begin PBXBuildFile section */
		106B05E41CE317740029AEF7 /* main.m in Sources */ = {isa = PBXBuildFile; fileRef = 106B05E31CE317740029AEF7 /* main.m */; };
		106B05E71CE317740029AEF7 /* AppDelegate.m in Sources */ = {isa = PBXBuildFile; fileRef = 106B05E61CE317740029AEF7 /* AppDelegate.m */; };
		106B05EA1CE317740029AEF7 /* ViewController.m in Sources */ = {isa = PBXBuildFile; fileRef = 106B05E91CE317740029AEF7 /* ViewController.m */; };
		106B05ED1CE317740029AEF7 /* Main.storyboard in Resources */ = {isa = PBXBuildFile; fileRef = 106B05EB1CE317740029AEF7 /* Main.storyboard */; };
		106B05F01CE317740029AEF7 /* coreText.xcdatamodeld in Sources */ = {isa = PBXBuildFile; fileRef = 106B05EE1CE317740029AEF7 /* coreText.xcdatamodeld */; };
		106B05F21CE317740029AEF7 /* Assets.xcassets in Resources */ = {isa = PBXBuildFile; fileRef = 106B05F11CE317740029AEF7 /* Assets.xcassets */; };
		106B05F51CE317740029AEF7 /* LaunchScreen.storyboard in Resources */ = {isa = PBXBuildFile; fileRef = 106B05F31CE317740029AEF7 /* LaunchScreen.storyboard */; };
		106B06001CE317740029AEF7 /* coreTextTests.m in Sources */ = {isa = PBXBuildFile; fileRef = 106B05FF1CE317740029AEF7 /* coreTextTests.m */; };
		106B060B1CE317740029AEF7 /* coreTextUITests.m in Sources */ = {isa = PBXBuildFile; fileRef = 106B060A1CE317740029AEF7 /* coreTextUITests.m */; };
		106B06191CE318560029AEF7 /* msy.png in Resources */ = {isa = PBXBuildFile; fileRef = 106B06181CE318560029AEF7 /* msy.png */; };
		106B061A1CE318560029AEF7 /* msy.png in Resources */ = {isa = PBXBuildFile; fileRef = 106B06181CE318560029AEF7 /* msy.png */; };
		106B061B1CE318560029AEF7 /* msy.png in Resources */ = {isa = PBXBuildFile; fileRef = 106B06181CE318560029AEF7 /* msy.png */; };
		10D2304B1CE337A10033C744 /* PushViewController.m in Sources */ = {isa = PBXBuildFile; fileRef = 10D2304A1CE337A10033C744 /* PushViewController.m */; };
/* End PBXBuildFile section */

/* Begin PBXContainerItemProxy section */
		106B05FC1CE317740029AEF7 /* PBXContainerItemProxy */ = {
			isa = PBXContainerItemProxy;
			containerPortal = 106B05D71CE317740029AEF7 /* Project object */;
			proxyType = 1;
			remoteGlobalIDString = 106B05DE1CE317740029AEF7;
			remoteInfo = coreText;
		};
		106B06071CE317740029AEF7 /* PBXContainerItemProxy */ = {
			isa = PBXContainerItemProxy;
			containerPortal = 106B05D71CE317740029AEF7 /* Project object */;
			proxyType = 1;
			remoteGlobalIDString = 106B05DE1CE317740029AEF7;
			remoteInfo = coreText;
		};
/* End PBXContainerItemProxy section */

/* Begin PBXFileReference section */
		106B05DF1CE317740029AEF7 /* coreText.app */ = {isa = PBXFileReference; explicitFileType = wrapper.application; includeInIndex = 0; path = coreText.app; sourceTree = BUILT_PRODUCTS_DIR; };
		106B05E31CE317740029AEF7 /* main.m */ = {isa = PBXFileReference; lastKnownFileType = sourcecode.c.objc; path = main.m; sourceTree = "<group>"; };
		106B05E51CE317740029AEF7 /* AppDelegate.h */ = {isa = PBXFileReference; lastKnownFileType = sourcecode.c.h; path = AppDelegate.h; sourceTree = "<group>"; };
		106B05E61CE317740029AEF7 /* AppDelegate.m */ = {isa = PBXFileReference; lastKnownFileType = sourcecode.c.objc; path = AppDelegate.m; sourceTree = "<group>"; };
		106B05E81CE317740029AEF7 /* ViewController.h */ = {isa = PBXFileReference; lastKnownFileType = sourcecode.c.h; path = ViewController.h; sourceTree = "<group>"; };
		106B05E91CE317740029AEF7 /* ViewController.m */ = {isa = PBXFileReference; lastKnownFileType = sourcecode.c.objc; path = ViewController.m; sourceTree = "<group>"; };
		106B05EC1CE317740029AEF7 /* Base */ = {isa = PBXFileReference; lastKnownFileType = file.storyboard; name = Base; path = Base.lproj/Main.storyboard; sourceTree = "<group>"; };
		106B05EF1CE317740029AEF7 /* coreText.xcdatamodel */ = {isa = PBXFileReference; lastKnownFileType = wrapper.xcdatamodel; path = coreText.xcdatamodel; sourceTree = "<group>"; };
		106B05F11CE317740029AEF7 /* Assets.xcassets */ = {isa = PBXFileReference; lastKnownFileType = folder.assetcatalog; path = Assets.xcassets; sourceTree = "<group>"; };
		106B05F41CE317740029AEF7 /* Base */ = {isa = PBXFileReference; lastKnownFileType = file.storyboard; name = Base; path = Base.lproj/LaunchScreen.storyboard; sourceTree = "<group>"; };
		106B05F61CE317740029AEF7 /* Info.plist */ = {isa = PBXFileReference; lastKnownFileType = text.plist.xml; path = Info.plist; sourceTree = "<group>"; };
		106B05FB1CE317740029AEF7 /* coreTextTests.xctest */ = {isa = PBXFileReference; explicitFileType = wrapper.cfbundle; includeInIndex = 0; path = coreTextTests.xctest; sourceTree = BUILT_PRODUCTS_DIR; };
		106B05FF1CE317740029AEF7 /* coreTextTests.m */ = {isa = PBXFileReference; lastKnownFileType = sourcecode.c.objc; path = coreTextTests.m; sourceTree = "<group>"; };
		106B06011CE317740029AEF7 /* Info.plist */ = {isa = PBXFileReference; lastKnownFileType = text.plist.xml; path = Info.plist; sourceTree = "<group>"; };
		106B06061CE317740029AEF7 /* coreTextUITests.xctest */ = {isa = PBXFileReference; explicitFileType = wrapper.cfbundle; includeInIndex = 0; path = coreTextUITests.xctest; sourceTree = BUILT_PRODUCTS_DIR; };
		106B060A1CE317740029AEF7 /* coreTextUITests.m */ = {isa = PBXFileReference; lastKnownFileType = sourcecode.c.objc; path = coreTextUITests.m; sourceTree = "<group>"; };
		106B060C1CE317740029AEF7 /* Info.plist */ = {isa = PBXFileReference; lastKnownFileType = text.plist.xml; path = Info.plist; sourceTree = "<group>"; };
		106B06181CE318560029AEF7 /* msy.png */ = {isa = PBXFileReference; lastKnownFileType = image.png; path = msy.png; sourceTree = "<group>"; };
		10D230491CE337A10033C744 /* PushViewController.h */ = {isa = PBXFileReference; fileEncoding = 4; lastKnownFileType = sourcecode.c.h; path = PushViewController.h; sourceTree = "<group>"; };
		10D2304A1CE337A10033C744 /* PushViewController.m */ = {isa = PBXFileReference; fileEncoding = 4; lastKnownFileType = sourcecode.c.objc; path = PushViewController.m; sourceTree = "<group>"; };
/* End PBXFileReference section */

/* Begin PBXFrameworksBuildPhase section */
		106B05DC1CE317740029AEF7 /* Frameworks */ = {
			isa = PBXFrameworksBuildPhase;
			buildActionMask = 2147483647;
			files = (
			);
			runOnlyForDeploymentPostprocessing = 0;
		};
		106B05F81CE317740029AEF7 /* Frameworks */ = {
			isa = PBXFrameworksBuildPhase;
			buildActionMask = 2147483647;
			files = (
			);
			runOnlyForDeploymentPostprocessing = 0;
		};
		106B06031CE317740029AEF7 /* Frameworks */ = {
			isa = PBXFrameworksBuildPhase;
			buildActionMask = 2147483647;
			files = (
			);
			runOnlyForDeploymentPostprocessing = 0;
		};
/* End PBXFrameworksBuildPhase section */

/* Begin PBXGroup section */
		102082241CE32BED0038087C /* Other */ = {
			isa = PBXGroup;
			children = (
				10D230491CE337A10033C744 /* PushViewController.h */,
				10D2304A1CE337A10033C744 /* PushViewController.m */,
			);
			name = Other;
			sourceTree = "<group>";
		};
		106B05D61CE317740029AEF7 = {
			isa = PBXGroup;
			children = (
				106B05E11CE317740029AEF7 /* coreText */,
				106B05FE1CE317740029AEF7 /* coreTextTests */,
				106B06091CE317740029AEF7 /* coreTextUITests */,
				106B05E01CE317740029AEF7 /* Products */,
			);
			sourceTree = "<group>";
		};
		106B05E01CE317740029AEF7 /* Products */ = {
			isa = PBXGroup;
			children = (
				106B05DF1CE317740029AEF7 /* coreText.app */,
				106B05FB1CE317740029AEF7 /* coreTextTests.xctest */,
				106B06061CE317740029AEF7 /* coreTextUITests.xctest */,
			);
			name = Products;
			sourceTree = "<group>";
		};
		106B05E11CE317740029AEF7 /* coreText */ = {
			isa = PBXGroup;
			children = (
				102082241CE32BED0038087C /* Other */,
				106B06181CE318560029AEF7 /* msy.png */,
				106B05E51CE317740029AEF7 /* AppDelegate.h */,
				106B05E61CE317740029AEF7 /* AppDelegate.m */,
				106B05E81CE317740029AEF7 /* ViewController.h */,
				106B05E91CE317740029AEF7 /* ViewController.m */,
				106B05EB1CE317740029AEF7 /* Main.storyboard */,
				106B05F11CE317740029AEF7 /* Assets.xcassets */,
				106B05F31CE317740029AEF7 /* LaunchScreen.storyboard */,
				106B05F61CE317740029AEF7 /* Info.plist */,
				106B05EE1CE317740029AEF7 /* coreText.xcdatamodeld */,
				106B05E21CE317740029AEF7 /* Supporting Files */,
			);
			path = coreText;
			sourceTree = "<group>";
		};
		106B05E21CE317740029AEF7 /* Supporting Files */ = {
			isa = PBXGroup;
			children = (
				106B05E31CE317740029AEF7 /* main.m */,
			);
			name = "Supporting Files";
			sourceTree = "<group>";
		};
		106B05FE1CE317740029AEF7 /* coreTextTests */ = {
			isa = PBXGroup;
			children = (
				106B05FF1CE317740029AEF7 /* coreTextTests.m */,
				106B06011CE317740029AEF7 /* Info.plist */,
			);
			path = coreTextTests;
			sourceTree = "<group>";
		};
		106B06091CE317740029AEF7 /* coreTextUITests */ = {
			isa = PBXGroup;
			children = (
				106B060A1CE317740029AEF7 /* coreTextUITests.m */,
				106B060C1CE317740029AEF7 /* Info.plist */,
			);
			path = coreTextUITests;
			sourceTree = "<group>";
		};
/* End PBXGroup section */

/* Begin PBXNativeTarget section */
		106B05DE1CE317740029AEF7 /* coreText */ = {
			isa = PBXNativeTarget;
			buildConfigurationList = 106B060F1CE317740029AEF7 /* Build configuration list for PBXNativeTarget "coreText" */;
			buildPhases = (
				106B05DB1CE317740029AEF7 /* Sources */,
				106B05DC1CE317740029AEF7 /* Frameworks */,
				106B05DD1CE317740029AEF7 /* Resources */,
			);
			buildRules = (
			);
			dependencies = (
			);
			name = coreText;
			productName = coreText;
			productReference = 106B05DF1CE317740029AEF7 /* coreText.app */;
			productType = "com.apple.product-type.application";
		};
		106B05FA1CE317740029AEF7 /* coreTextTests */ = {
			isa = PBXNativeTarget;
			buildConfigurationList = 106B06121CE317740029AEF7 /* Build configuration list for PBXNativeTarget "coreTextTests" */;
			buildPhases = (
				106B05F71CE317740029AEF7 /* Sources */,
				106B05F81CE317740029AEF7 /* Frameworks */,
				106B05F91CE317740029AEF7 /* Resources */,
			);
			buildRules = (
			);
			dependencies = (
				106B05FD1CE317740029AEF7 /* PBXTargetDependency */,
			);
			name = coreTextTests;
			productName = coreTextTests;
			productReference = 106B05FB1CE317740029AEF7 /* coreTextTests.xctest */;
			productType = "com.apple.product-type.bundle.unit-test";
		};
		106B06051CE317740029AEF7 /* coreTextUITests */ = {
			isa = PBXNativeTarget;
			buildConfigurationList = 106B06151CE317740029AEF7 /* Build configuration list for PBXNativeTarget "coreTextUITests" */;
			buildPhases = (
				106B06021CE317740029AEF7 /* Sources */,
				106B06031CE317740029AEF7 /* Frameworks */,
				106B06041CE317740029AEF7 /* Resources */,
			);
			buildRules = (
			);
			dependencies = (
				106B06081CE317740029AEF7 /* PBXTargetDependency */,
			);
			name = coreTextUITests;
			productName = coreTextUITests;
			productReference = 106B06061CE317740029AEF7 /* coreTextUITests.xctest */;
			productType = "com.apple.product-type.bundle.ui-testing";
		};
/* End PBXNativeTarget section */

/* Begin PBXProject section */
		106B05D71CE317740029AEF7 /* Project object */ = {
			isa = PBXProject;
			attributes = {
				LastUpgradeCheck = 0730;
				ORGANIZATIONNAME = "马少洋";
				TargetAttributes = {
					106B05DE1CE317740029AEF7 = {
						CreatedOnToolsVersion = 7.3.1;
					};
					106B05FA1CE317740029AEF7 = {
						CreatedOnToolsVersion = 7.3.1;
						TestTargetID = 106B05DE1CE317740029AEF7;
					};
					106B06051CE317740029AEF7 = {
						CreatedOnToolsVersion = 7.3.1;
						TestTargetID = 106B05DE1CE317740029AEF7;
					};
				};
			};
			buildConfigurationList = 106B05DA1CE317740029AEF7 /* Build configuration list for PBXProject "coreText" */;
			compatibilityVersion = "Xcode 3.2";
			developmentRegion = English;
			hasScannedForEncodings = 0;
			knownRegions = (
				en,
				Base,
			);
			mainGroup = 106B05D61CE317740029AEF7;
			productRefGroup = 106B05E01CE317740029AEF7 /* Products */;
			projectDirPath = "";
			projectRoot = "";
			targets = (
				106B05DE1CE317740029AEF7 /* coreText */,
				106B05FA1CE317740029AEF7 /* coreTextTests */,
				106B06051CE317740029AEF7 /* coreTextUITests */,
			);
		};
/* End PBXProject section */

/* Begin PBXResourcesBuildPhase section */
		106B05DD1CE317740029AEF7 /* Resources */ = {
			isa = PBXResourcesBuildPhase;
			buildActionMask = 2147483647;
			files = (
				106B05F51CE317740029AEF7 /* LaunchScreen.storyboard in Resources */,
				106B05F21CE317740029AEF7 /* Assets.xcassets in Resources */,
				106B05ED1CE317740029AEF7 /* Main.storyboard in Resources */,
				106B06191CE318560029AEF7 /* msy.png in Resources */,
			);
			runOnlyForDeploymentPostprocessing = 0;
		};
		106B05F91CE317740029AEF7 /* Resources */ = {
			isa = PBXResourcesBuildPhase;
			buildActionMask = 2147483647;
			files = (
				106B061A1CE318560029AEF7 /* msy.png in Resources */,
			);
			runOnlyForDeploymentPostprocessing = 0;
		};
		106B06041CE317740029AEF7 /* Resources */ = {
			isa = PBXResourcesBuildPhase;
			buildActionMask = 2147483647;
			files = (
				106B061B1CE318560029AEF7 /* msy.png in Resources */,
			);
			runOnlyForDeploymentPostprocessing = 0;
		};
/* End PBXResourcesBuildPhase section */

/* Begin PBXSourcesBuildPhase section */
		106B05DB1CE317740029AEF7 /* Sources */ = {
			isa = PBXSourcesBuildPhase;
			buildActionMask = 2147483647;
			files = (
				106B05EA1CE317740029AEF7 /* ViewController.m in Sources */,
				10D2304B1CE337A10033C744 /* PushViewController.m in Sources */,
				106B05E71CE317740029AEF7 /* AppDelegate.m in Sources */,
				106B05E41CE317740029AEF7 /* main.m in Sources */,
				106B05F01CE317740029AEF7 /* coreText.xcdatamodeld in Sources */,
			);
			runOnlyForDeploymentPostprocessing = 0;
		};
		106B05F71CE317740029AEF7 /* Sources */ = {
			isa = PBXSourcesBuildPhase;
			buildActionMask = 2147483647;
			files = (
				106B06001CE317740029AEF7 /* coreTextTests.m in Sources */,
			);
			runOnlyForDeploymentPostprocessing = 0;
		};
		106B06021CE317740029AEF7 /* Sources */ = {
			isa = PBXSourcesBuildPhase;
			buildActionMask = 2147483647;
			files = (
				106B060B1CE317740029AEF7 /* coreTextUITests.m in Sources */,
			);
			runOnlyForDeploymentPostprocessing = 0;
		};
/* End PBXSourcesBuildPhase section */

/* Begin PBXTargetDependency section */
		106B05FD1CE317740029AEF7 /* PBXTargetDependency */ = {
			isa = PBXTargetDependency;
			target = 106B05DE1CE317740029AEF7 /* coreText */;
			targetProxy = 106B05FC1CE317740029AEF7 /* PBXContainerItemProxy */;
		};
		106B06081CE317740029AEF7 /* PBXTargetDependency */ = {
			isa = PBXTargetDependency;
			target = 106B05DE1CE317740029AEF7 /* coreText */;
			targetProxy = 106B06071CE317740029AEF7 /* PBXContainerItemProxy */;
		};
/* End PBXTargetDependency section */

/* Begin PBXVariantGroup section */
		106B05EB1CE317740029AEF7 /* Main.storyboard */ = {
			isa = PBXVariantGroup;
			children = (
				106B05EC1CE317740029AEF7 /* Base */,
			);
			name = Main.storyboard;
			sourceTree = "<group>";
		};
		106B05F31CE317740029AEF7 /* LaunchScreen.storyboard */ = {
			isa = PBXVariantGroup;
			children = (
				106B05F41CE317740029AEF7 /* Base */,
			);
			name = LaunchScreen.storyboard;
			sourceTree = "<group>";
		};
/* End PBXVariantGroup section */

/* Begin XCBuildConfiguration section */
		106B060D1CE317740029AEF7 /* Debug */ = {
			isa = XCBuildConfiguration;
			buildSettings = {
				ALWAYS_SEARCH_USER_PATHS = NO;
				CLANG_ANALYZER_NONNULL = YES;
				CLANG_CXX_LANGUAGE_STANDARD = "gnu++0x";
				CLANG_CXX_LIBRARY = "libc++";
				CLANG_ENABLE_MODULES = YES;
				CLANG_ENABLE_OBJC_ARC = YES;
				CLANG_WARN_BOOL_CONVERSION = YES;
				CLANG_WARN_CONSTANT_CONVERSION = YES;
				CLANG_WARN_DIRECT_OBJC_ISA_USAGE = YES_ERROR;
				CLANG_WARN_EMPTY_BODY = YES;
				CLANG_WARN_ENUM_CONVERSION = YES;
				CLANG_WARN_INT_CONVERSION = YES;
				CLANG_WARN_OBJC_ROOT_CLASS = YES_ERROR;
				CLANG_WARN_UNREACHABLE_CODE = YES;
				CLANG_WARN__DUPLICATE_METHOD_MATCH = YES;
				"CODE_SIGN_IDENTITY[sdk=iphoneos*]" = "iPhone Developer";
				COPY_PHASE_STRIP = NO;
				DEBUG_INFORMATION_FORMAT = dwarf;
				ENABLE_STRICT_OBJC_MSGSEND = YES;
				ENABLE_TESTABILITY = YES;
				GCC_C_LANGUAGE_STANDARD = gnu99;
				GCC_DYNAMIC_NO_PIC = NO;
				GCC_NO_COMMON_BLOCKS = YES;
				GCC_OPTIMIZATION_LEVEL = 0;
				GCC_PREPROCESSOR_DEFINITIONS = (
					"DEBUG=1",
					"$(inherited)",
				);
				GCC_WARN_64_TO_32_BIT_CONVERSION = YES;
				GCC_WARN_ABOUT_RETURN_TYPE = YES_ERROR;
				GCC_WARN_UNDECLARED_SELECTOR = YES;
				GCC_WARN_UNINITIALIZED_AUTOS = YES_AGGRESSIVE;
				GCC_WARN_UNUSED_FUNCTION = YES;
				GCC_WARN_UNUSED_VARIABLE = YES;
				IPHONEOS_DEPLOYMENT_TARGET = 9.3;
				MTL_ENABLE_DEBUG_INFO = YES;
				ONLY_ACTIVE_ARCH = YES;
				SDKROOT = iphoneos;
			};
			name = Debug;
		};
		106B060E1CE317740029AEF7 /* Release */ = {
			isa = XCBuildConfiguration;
			buildSettings = {
				ALWAYS_SEARCH_USER_PATHS = NO;
				CLANG_ANALYZER_NONNULL = YES;
				CLANG_CXX_LANGUAGE_STANDARD = "gnu++0x";
				CLANG_CXX_LIBRARY = "libc++";
				CLANG_ENABLE_MODULES = YES;
				CLANG_ENABLE_OBJC_ARC = YES;
				CLANG_WARN_BOOL_CONVERSION = YES;
				CLANG_WARN_CONSTANT_CONVERSION = YES;
				CLANG_WARN_DIRECT_OBJC_ISA_USAGE = YES_ERROR;
				CLANG_WARN_EMPTY_BODY = YES;
				CLANG_WARN_ENUM_CONVERSION = YES;
				CLANG_WARN_INT_CONVERSION = YES;
				CLANG_WARN_OBJC_ROOT_CLASS = YES_ERROR;
				CLANG_WARN_UNREACHABLE_CODE = YES;
				CLANG_WARN__DUPLICATE_METHOD_MATCH = YES;
				"CODE_SIGN_IDENTITY[sdk=iphoneos*]" = "iPhone Developer";
				COPY_PHASE_STRIP = NO;
				DEBUG_INFORMATION_FORMAT = "dwarf-with-dsym";
				ENABLE_NS_ASSERTIONS = NO;
				ENABLE_STRICT_OBJC_MSGSEND = YES;
				GCC_C_LANGUAGE_STANDARD = gnu99;
				GCC_NO_COMMON_BLOCKS = YES;
				GCC_WARN_64_TO_32_BIT_CONVERSION = YES;
				GCC_WARN_ABOUT_RETURN_TYPE = YES_ERROR;
				GCC_WARN_UNDECLARED_SELECTOR = YES;
				GCC_WARN_UNINITIALIZED_AUTOS = YES_AGGRESSIVE;
				GCC_WARN_UNUSED_FUNCTION = YES;
				GCC_WARN_UNUSED_VARIABLE = YES;
				IPHONEOS_DEPLOYMENT_TARGET = 9.3;
				MTL_ENABLE_DEBUG_INFO = NO;
				SDKROOT = iphoneos;
				VALIDATE_PRODUCT = YES;
			};
			name = Release;
		};
		106B06101CE317740029AEF7 /* Debug */ = {
			isa = XCBuildConfiguration;
			buildSettings = {
				ASSETCATALOG_COMPILER_APPICON_NAME = AppIcon;
				INFOPLIST_FILE = coreText/Info.plist;
				LD_RUNPATH_SEARCH_PATHS = "$(inherited) @executable_path/Frameworks";
				PRODUCT_BUNDLE_IDENTIFIER = mayang.coreText;
				PRODUCT_NAME = "$(TARGET_NAME)";
			};
			name = Debug;
		};
		106B06111CE317740029AEF7 /* Release */ = {
			isa = XCBuildConfiguration;
			buildSettings = {
				ASSETCATALOG_COMPILER_APPICON_NAME = AppIcon;
				INFOPLIST_FILE = coreText/Info.plist;
				LD_RUNPATH_SEARCH_PATHS = "$(inherited) @executable_path/Frameworks";
				PRODUCT_BUNDLE_IDENTIFIER = mayang.coreText;
				PRODUCT_NAME = "$(TARGET_NAME)";
			};
			name = Release;
		};
		106B06131CE317740029AEF7 /* Debug */ = {
			isa = XCBuildConfiguration;
			buildSettings = {
				BUNDLE_LOADER = "$(TEST_HOST)";
				INFOPLIST_FILE = coreTextTests/Info.plist;
				LD_RUNPATH_SEARCH_PATHS = "$(inherited) @executable_path/Frameworks @loader_path/Frameworks";
				PRODUCT_BUNDLE_IDENTIFIER = mayang.coreTextTests;
				PRODUCT_NAME = "$(TARGET_NAME)";
				TEST_HOST = "$(BUILT_PRODUCTS_DIR)/coreText.app/coreText";
			};
			name = Debug;
		};
		106B06141CE317740029AEF7 /* Release */ = {
			isa = XCBuildConfiguration;
			buildSettings = {
				BUNDLE_LOADER = "$(TEST_HOST)";
				INFOPLIST_FILE = coreTextTests/Info.plist;
				LD_RUNPATH_SEARCH_PATHS = "$(inherited) @executable_path/Frameworks @loader_path/Frameworks";
				PRODUCT_BUNDLE_IDENTIFIER = mayang.coreTextTests;
				PRODUCT_NAME = "$(TARGET_NAME)";
				TEST_HOST = "$(BUILT_PRODUCTS_DIR)/coreText.app/coreText";
			};
			name = Release;
		};
		106B06161CE317740029AEF7 /* Debug */ = {
			isa = XCBuildConfiguration;
			buildSettings = {
				INFOPLIST_FILE = coreTextUITests/Info.plist;
				LD_RUNPATH_SEARCH_PATHS = "$(inherited) @executable_path/Frameworks @loader_path/Frameworks";
				PRODUCT_BUNDLE_IDENTIFIER = mayang.coreTextUITests;
				PRODUCT_NAME = "$(TARGET_NAME)";
				TEST_TARGET_NAME = coreText;
			};
			name = Debug;
		};
		106B06171CE317740029AEF7 /* Release */ = {
			isa = XCBuildConfiguration;
			buildSettings = {
				INFOPLIST_FILE = coreTextUITests/Info.plist;
				LD_RUNPATH_SEARCH_PATHS = "$(inherited) @executable_path/Frameworks @loader_path/Frameworks";
				PRODUCT_BUNDLE_IDENTIFIER = mayang.coreTextUITests;
				PRODUCT_NAME = "$(TARGET_NAME)";
				TEST_TARGET_NAME = coreText;
			};
			name = Release;
		};
/* End XCBuildConfiguration section */

/* Begin XCConfigurationList section */
		106B05DA1CE317740029AEF7 /* Build configuration list for PBXProject "coreText" */ = {
			isa = XCConfigurationList;
			buildConfigurations = (
				106B060D1CE317740029AEF7 /* Debug */,
				106B060E1CE317740029AEF7 /* Release */,
			);
			defaultConfigurationIsVisible = 0;
			defaultConfigurationName = Release;
		};
		106B060F1CE317740029AEF7 /* Build configuration list for PBXNativeTarget "coreText" */ = {
			isa = XCConfigurationList;
			buildConfigurations = (
				106B06101CE317740029AEF7 /* Debug */,
				106B06111CE317740029AEF7 /* Release */,
			);
			defaultConfigurationIsVisible = 0;
			defaultConfigurationName = Release;
		};
		106B06121CE317740029AEF7 /* Build configuration list for PBXNativeTarget "coreTextTests" */ = {
			isa = XCConfigurationList;
			buildConfigurations = (
				106B06131CE317740029AEF7 /* Debug */,
				106B06141CE317740029AEF7 /* Release */,
			);
			defaultConfigurationIsVisible = 0;
			defaultConfigurationName = Release;
		};
		106B06151CE317740029AEF7 /* Build configuration list for PBXNativeTarget "coreTextUITests" */ = {
			isa = XCConfigurationList;
			buildConfigurations = (
				106B06161CE317740029AEF7 /* Debug */,
				106B06171CE317740029AEF7 /* Release */,
			);
			defaultConfigurationIsVisible = 0;
			defaultConfigurationName = Release;
		};
/* End XCConfigurationList section */

/* Begin XCVersionGroup section */
		106B05EE1CE317740029AEF7 /* coreText.xcdatamodeld */ = {
			isa = XCVersionGroup;
			children = (
				106B05EF1CE317740029AEF7 /* coreText.xcdatamodel */,
			);
			currentVersion = 106B05EF1CE317740029AEF7 /* coreText.xcdatamodel */;
			path = coreText.xcdatamodeld;
			sourceTree = "<group>";
			versionGroupType = wrapper.xcdatamodel;
		};
/* End XCVersionGroup section */
	};
	rootObject = 106B05D71CE317740029AEF7 /* Project object */;
}
